
Microsoft Visual Studio Solution File, Format Version 12.00
# Visual Studio Version 17
VisualStudioVersion = 17.13.36105.23 d17.13
MinimumVisualStudioVersion = 10.0.40219.1
Project("{FAE04EC0-301F-11D3-BF4B-00C04F79EFBC}") = "AppointmentSystem.Api", "AppointmentSystem.Api\AppointmentSystem.Api.csproj", "{1198EF00-9B82-409C-9462-4832CD0E3320}"
EndProject
Project("{FAE04EC0-301F-11D3-BF4B-00C04F79EFBC}") = "AppointmentSystem.Core", "AppointmentSystem.Core\AppointmentSystem.Core.csproj", "{05CE49CB-A8D0-4D54-AF08-66F235DC3090}"
EndProject
Project("{FAE04EC0-301F-11D3-BF4B-00C04F79EFBC}") = "AppointmentSystem.Application", "AppointmentSystem.Application\AppointmentSystem.Application.csproj", "{4A36AF3F-C308-4E4C-B92A-6798C3CE001E}"
EndProject
Project("{FAE04EC0-301F-11D3-BF4B-00C04F79EFBC}") = "AppointmentSystem.Infrastructure", "AppointmentSystem.Infrastructure\AppointmentSystem.Infrastructure.csproj", "{0758FE53-2175-4A6D-970F-8B1AE9FA9AC6}"
EndProject
Global
	GlobalSection(SolutionConfigurationPlatforms) = preSolution
		Debug|Any CPU = Debug|Any CPU
		Release|Any CPU = Release|Any CPU
	EndGlobalSection
	GlobalSection(ProjectConfigurationPlatforms) = postSolution
		{1198EF00-9B82-409C-9462-4832CD0E3320}.Debug|Any CPU.ActiveCfg = Debug|Any CPU
		{1198EF00-9B82-409C-9462-4832CD0E3320}.Debug|Any CPU.Build.0 = Debug|Any CPU
		{1198EF00-9B82-409C-9462-4832CD0E3320}.Release|Any CPU.ActiveCfg = Release|Any CPU
		{1198EF00-9B82-409C-9462-4832CD0E3320}.Release|Any CPU.Build.0 = Release|Any CPU
		{05CE49CB-A8D0-4D54-AF08-66F235DC3090}.Debug|Any CPU.ActiveCfg = Debug|Any CPU
		{05CE49CB-A8D0-4D54-AF08-66F235DC3090}.Debug|Any CPU.Build.0 = Debug|Any CPU
		{05CE49CB-A8D0-4D54-AF08-66F235DC3090}.Release|Any CPU.ActiveCfg = Release|Any CPU
		{05CE49CB-A8D0-4D54-AF08-66F235DC3090}.Release|Any CPU.Build.0 = Release|Any CPU
		{4A36AF3F-C308-4E4C-B92A-6798C3CE001E}.Debug|Any CPU.ActiveCfg = Debug|Any CPU
		{4A36AF3F-C308-4E4C-B92A-6798C3CE001E}.Debug|Any CPU.Build.0 = Debug|Any CPU
		{4A36AF3F-C308-4E4C-B92A-6798C3CE001E}.Release|Any CPU.ActiveCfg = Release|Any CPU
		{4A36AF3F-C308-4E4C-B92A-6798C3CE001E}.Release|Any CPU.Build.0 = Release|Any CPU
		{0758FE53-2175-4A6D-970F-8B1AE9FA9AC6}.Debug|Any CPU.ActiveCfg = Debug|Any CPU
		{0758FE53-2175-4A6D-970F-8B1AE9FA9AC6}.Debug|Any CPU.Build.0 = Debug|Any CPU
		{0758FE53-2175-4A6D-970F-8B1AE9FA9AC6}.Release|Any CPU.ActiveCfg = Release|Any CPU
		{0758FE53-2175-4A6D-970F-8B1AE9FA9AC6}.Release|Any CPU.Build.0 = Release|Any CPU
	EndGlobalSection
	GlobalSection(SolutionProperties) = preSolution
		HideSolutionNode = FALSE
	EndGlobalSection
	GlobalSection(ExtensibilityGlobals) = postSolution
		SolutionGuid = {5642D309-9D94-489C-81F9-E89BC78228EA}
	EndGlobalSection
EndGlobal
